
Microsoft Visual Studio Solution File, Format Version 12.00
# Visual Studio 14
VisualStudioVersion = 14.0.25420.1
MinimumVisualStudioVersion = 10.0.40219.1
Project("{FAE04EC0-301F-11D3-BF4B-00C04F79EFBC}") = "FolderMusicApp", "MusicPlayerApp\FolderMusicApp.csproj", "{D734C1FA-0FC5-4CCE-9BD8-903F62801397}"
EndProject
Project("{FAE04EC0-301F-11D3-BF4B-00C04F79EFBC}") = "PlayerIconsWP8_1", "PlayerIconsWP8.1\PlayerIconsWP8_1.csproj", "{02FCDED3-420B-4C1B-867A-0881A1420D03}"
EndProject
Project("{FAE04EC0-301F-11D3-BF4B-00C04F79EFBC}") = "MusicPlayerLib", "FolderMusicLib\MusicPlayerLib.csproj", "{A1D5DB9A-4DEA-44DD-B754-BD68EE5ADA43}"
EndProject
Project("{FAE04EC0-301F-11D3-BF4B-00C04F79EFBC}") = "BackgroundTask", "BackgroundTask\BackgroundTask.csproj", "{EBAAA64F-0A02-46FA-98D0-0DB863EFDD6E}"
EndProject
Project("{FAE04EC0-301F-11D3-BF4B-00C04F79EFBC}") = "MusicPlayerDebug", "FolderMusicDebug\MusicPlayerDebug.csproj", "{EE2E4620-7D8D-4D75-A8A4-157E652449E2}"
EndProject
Global
	GlobalSection(SolutionConfigurationPlatforms) = preSolution
		Debug|Any CPU = Debug|Any CPU
		Debug|ARM = Debug|ARM
		Debug|x64 = Debug|x64
		Debug|x86 = Debug|x86
		Release|Any CPU = Release|Any CPU
		Release|ARM = Release|ARM
		Release|x64 = Release|x64
		Release|x86 = Release|x86
	EndGlobalSection
	GlobalSection(ProjectConfigurationPlatforms) = postSolution
		{D734C1FA-0FC5-4CCE-9BD8-903F62801397}.Debug|Any CPU.ActiveCfg = Debug|Any CPU
		{D734C1FA-0FC5-4CCE-9BD8-903F62801397}.Debug|Any CPU.Build.0 = Debug|Any CPU
		{D734C1FA-0FC5-4CCE-9BD8-903F62801397}.Debug|Any CPU.Deploy.0 = Debug|Any CPU
		{D734C1FA-0FC5-4CCE-9BD8-903F62801397}.Debug|ARM.ActiveCfg = Debug|ARM
		{D734C1FA-0FC5-4CCE-9BD8-903F62801397}.Debug|ARM.Build.0 = Debug|ARM
		{D734C1FA-0FC5-4CCE-9BD8-903F62801397}.Debug|ARM.Deploy.0 = Debug|ARM
		{D734C1FA-0FC5-4CCE-9BD8-903F62801397}.Debug|x64.ActiveCfg = Debug|Any CPU
		{D734C1FA-0FC5-4CCE-9BD8-903F62801397}.Debug|x64.Build.0 = Debug|Any CPU
		{D734C1FA-0FC5-4CCE-9BD8-903F62801397}.Debug|x64.Deploy.0 = Debug|Any CPU
		{D734C1FA-0FC5-4CCE-9BD8-903F62801397}.Debug|x86.ActiveCfg = Debug|x86
		{D734C1FA-0FC5-4CCE-9BD8-903F62801397}.Debug|x86.Build.0 = Debug|x86
		{D734C1FA-0FC5-4CCE-9BD8-903F62801397}.Debug|x86.Deploy.0 = Debug|x86
		{D734C1FA-0FC5-4CCE-9BD8-903F62801397}.Release|Any CPU.ActiveCfg = Release|Any CPU
		{D734C1FA-0FC5-4CCE-9BD8-903F62801397}.Release|Any CPU.Build.0 = Release|Any CPU
		{D734C1FA-0FC5-4CCE-9BD8-903F62801397}.Release|Any CPU.Deploy.0 = Release|Any CPU
		{D734C1FA-0FC5-4CCE-9BD8-903F62801397}.Release|ARM.ActiveCfg = Release|ARM
		{D734C1FA-0FC5-4CCE-9BD8-903F62801397}.Release|ARM.Build.0 = Release|ARM
		{D734C1FA-0FC5-4CCE-9BD8-903F62801397}.Release|ARM.Deploy.0 = Release|ARM
		{D734C1FA-0FC5-4CCE-9BD8-903F62801397}.Release|x64.ActiveCfg = Release|Any CPU
		{D734C1FA-0FC5-4CCE-9BD8-903F62801397}.Release|x64.Build.0 = Release|Any CPU
		{D734C1FA-0FC5-4CCE-9BD8-903F62801397}.Release|x64.Deploy.0 = Release|Any CPU
		{D734C1FA-0FC5-4CCE-9BD8-903F62801397}.Release|x86.ActiveCfg = Release|x86
		{D734C1FA-0FC5-4CCE-9BD8-903F62801397}.Release|x86.Build.0 = Release|x86
		{D734C1FA-0FC5-4CCE-9BD8-903F62801397}.Release|x86.Deploy.0 = Release|x86
		{02FCDED3-420B-4C1B-867A-0881A1420D03}.Debug|Any CPU.ActiveCfg = Debug|Any CPU
		{02FCDED3-420B-4C1B-867A-0881A1420D03}.Debug|Any CPU.Build.0 = Debug|Any CPU
		{02FCDED3-420B-4C1B-867A-0881A1420D03}.Debug|ARM.ActiveCfg = Debug|ARM
		{02FCDED3-420B-4C1B-867A-0881A1420D03}.Debug|ARM.Build.0 = Debug|ARM
		{02FCDED3-420B-4C1B-867A-0881A1420D03}.Debug|x64.ActiveCfg = Debug|Any CPU
		{02FCDED3-420B-4C1B-867A-0881A1420D03}.Debug|x64.Build.0 = Debug|Any CPU
		{02FCDED3-420B-4C1B-867A-0881A1420D03}.Debug|x86.ActiveCfg = Debug|x86
		{02FCDED3-420B-4C1B-867A-0881A1420D03}.Debug|x86.Build.0 = Debug|x86
		{02FCDED3-420B-4C1B-867A-0881A1420D03}.Release|Any CPU.ActiveCfg = Release|Any CPU
		{02FCDED3-420B-4C1B-867A-0881A1420D03}.Release|Any CPU.Build.0 = Release|Any CPU
		{02FCDED3-420B-4C1B-867A-0881A1420D03}.Release|ARM.ActiveCfg = Release|ARM
		{02FCDED3-420B-4C1B-867A-0881A1420D03}.Release|ARM.Build.0 = Release|ARM
		{02FCDED3-420B-4C1B-867A-0881A1420D03}.Release|x64.ActiveCfg = Release|Any CPU
		{02FCDED3-420B-4C1B-867A-0881A1420D03}.Release|x64.Build.0 = Release|Any CPU
		{02FCDED3-420B-4C1B-867A-0881A1420D03}.Release|x86.ActiveCfg = Release|x86
		{02FCDED3-420B-4C1B-867A-0881A1420D03}.Release|x86.Build.0 = Release|x86
		{A1D5DB9A-4DEA-44DD-B754-BD68EE5ADA43}.Debug|Any CPU.ActiveCfg = Debug|Any CPU
		{A1D5DB9A-4DEA-44DD-B754-BD68EE5ADA43}.Debug|Any CPU.Build.0 = Debug|Any CPU
		{A1D5DB9A-4DEA-44DD-B754-BD68EE5ADA43}.Debug|ARM.ActiveCfg = Debug|ARM
		{A1D5DB9A-4DEA-44DD-B754-BD68EE5ADA43}.Debug|ARM.Build.0 = Debug|ARM
		{A1D5DB9A-4DEA-44DD-B754-BD68EE5ADA43}.Debug|x64.ActiveCfg = Debug|Any CPU
		{A1D5DB9A-4DEA-44DD-B754-BD68EE5ADA43}.Debug|x64.Build.0 = Debug|Any CPU
		{A1D5DB9A-4DEA-44DD-B754-BD68EE5ADA43}.Debug|x86.ActiveCfg = Debug|x86
		{A1D5DB9A-4DEA-44DD-B754-BD68EE5ADA43}.Debug|x86.Build.0 = Debug|x86
		{A1D5DB9A-4DEA-44DD-B754-BD68EE5ADA43}.Release|Any CPU.ActiveCfg = Release|Any CPU
		{A1D5DB9A-4DEA-44DD-B754-BD68EE5ADA43}.Release|Any CPU.Build.0 = Release|Any CPU
		{A1D5DB9A-4DEA-44DD-B754-BD68EE5ADA43}.Release|ARM.ActiveCfg = Release|ARM
		{A1D5DB9A-4DEA-44DD-B754-BD68EE5ADA43}.Release|ARM.Build.0 = Release|ARM
		{A1D5DB9A-4DEA-44DD-B754-BD68EE5ADA43}.Release|x64.ActiveCfg = Release|Any CPU
		{A1D5DB9A-4DEA-44DD-B754-BD68EE5ADA43}.Release|x64.Build.0 = Release|Any CPU
		{A1D5DB9A-4DEA-44DD-B754-BD68EE5ADA43}.Release|x86.ActiveCfg = Release|x86
		{A1D5DB9A-4DEA-44DD-B754-BD68EE5ADA43}.Release|x86.Build.0 = Release|x86
		{EBAAA64F-0A02-46FA-98D0-0DB863EFDD6E}.Debug|Any CPU.ActiveCfg = Debug|Any CPU
		{EBAAA64F-0A02-46FA-98D0-0DB863EFDD6E}.Debug|Any CPU.Build.0 = Debug|Any CPU
		{EBAAA64F-0A02-46FA-98D0-0DB863EFDD6E}.Debug|ARM.ActiveCfg = Debug|ARM
		{EBAAA64F-0A02-46FA-98D0-0DB863EFDD6E}.Debug|ARM.Build.0 = Debug|ARM
		{EBAAA64F-0A02-46FA-98D0-0DB863EFDD6E}.Debug|x64.ActiveCfg = Debug|Any CPU
		{EBAAA64F-0A02-46FA-98D0-0DB863EFDD6E}.Debug|x64.Build.0 = Debug|Any CPU
		{EBAAA64F-0A02-46FA-98D0-0DB863EFDD6E}.Debug|x86.ActiveCfg = Debug|x86
		{EBAAA64F-0A02-46FA-98D0-0DB863EFDD6E}.Debug|x86.Build.0 = Debug|x86
		{EBAAA64F-0A02-46FA-98D0-0DB863EFDD6E}.Release|Any CPU.ActiveCfg = Release|Any CPU
		{EBAAA64F-0A02-46FA-98D0-0DB863EFDD6E}.Release|Any CPU.Build.0 = Release|Any CPU
		{EBAAA64F-0A02-46FA-98D0-0DB863EFDD6E}.Release|ARM.ActiveCfg = Release|ARM
		{EBAAA64F-0A02-46FA-98D0-0DB863EFDD6E}.Release|ARM.Build.0 = Release|ARM
		{EBAAA64F-0A02-46FA-98D0-0DB863EFDD6E}.Release|x64.ActiveCfg = Release|Any CPU
		{EBAAA64F-0A02-46FA-98D0-0DB863EFDD6E}.Release|x64.Build.0 = Release|Any CPU
		{EBAAA64F-0A02-46FA-98D0-0DB863EFDD6E}.Release|x86.ActiveCfg = Release|x86
		{EBAAA64F-0A02-46FA-98D0-0DB863EFDD6E}.Release|x86.Build.0 = Release|x86
		{EE2E4620-7D8D-4D75-A8A4-157E652449E2}.Debug|Any CPU.ActiveCfg = Debug|Any CPU
		{EE2E4620-7D8D-4D75-A8A4-157E652449E2}.Debug|Any CPU.Build.0 = Debug|Any CPU
		{EE2E4620-7D8D-4D75-A8A4-157E652449E2}.Debug|ARM.ActiveCfg = Debug|ARM
		{EE2E4620-7D8D-4D75-A8A4-157E652449E2}.Debug|ARM.Build.0 = Debug|ARM
		{EE2E4620-7D8D-4D75-A8A4-157E652449E2}.Debug|x64.ActiveCfg = Debug|Any CPU
		{EE2E4620-7D8D-4D75-A8A4-157E652449E2}.Debug|x64.Build.0 = Debug|Any CPU
		{EE2E4620-7D8D-4D75-A8A4-157E652449E2}.Debug|x86.ActiveCfg = Debug|x86
		{EE2E4620-7D8D-4D75-A8A4-157E652449E2}.Debug|x86.Build.0 = Debug|x86
		{EE2E4620-7D8D-4D75-A8A4-157E652449E2}.Release|Any CPU.ActiveCfg = Release|Any CPU
		{EE2E4620-7D8D-4D75-A8A4-157E652449E2}.Release|Any CPU.Build.0 = Release|Any CPU
		{EE2E4620-7D8D-4D75-A8A4-157E652449E2}.Release|ARM.ActiveCfg = Release|ARM
		{EE2E4620-7D8D-4D75-A8A4-157E652449E2}.Release|ARM.Build.0 = Release|ARM
		{EE2E4620-7D8D-4D75-A8A4-157E652449E2}.Release|x64.ActiveCfg = Release|Any CPU
		{EE2E4620-7D8D-4D75-A8A4-157E652449E2}.Release|x64.Build.0 = Release|Any CPU
		{EE2E4620-7D8D-4D75-A8A4-157E652449E2}.Release|x86.ActiveCfg = Release|x86
		{EE2E4620-7D8D-4D75-A8A4-157E652449E2}.Release|x86.Build.0 = Release|x86
	EndGlobalSection
	GlobalSection(SolutionProperties) = preSolution
		HideSolutionNode = FALSE
	EndGlobalSection
EndGlobal
